{
  "name": "windowsonearth-wallpaper-downloader",
  "version": "0.0.1-alpha.1",
  "lockfileVersion": 1,
  "requires": true,
  "dependencies": {
    "@borkdude/sci": {
      "version": "0.0.10-alpha.13",
      "resolved": "https://registry.npmjs.org/@borkdude/sci/-/sci-0.0.10-alpha.13.tgz",
      "integrity": "sha512-xpEeaB16a3yYHAdbsT9E2+aU4/w/Luc0QLIuoJQGTy2D1yCPdTI3/p11Gh027RGtlJfBqpV5Qx6yv2eASe5YLg=="
    }
  }
}
