{
  "name": "windowsonearth-wallpaper-downloader",
  "version": "0.0.1-alpha.1",
  "lockfileVersion": 1,
  "requires": true,
  "dependencies": {
    "@borkdude/sci": {
      "version": "0.0.10-alpha.12",
      "resolved": "https://registry.npmjs.org/@borkdude/sci/-/sci-0.0.10-alpha.12.tgz",
      "integrity": "sha512-qz+Gbr4cFmRtl+RzSqbDO6efSn8gBt/seH8zQfgExm89BtQKKIxj4mEl6ESaAGTE24tvr3f2pOKcy5LNxoCviQ=="
    }
  }
}
